
Microsoft Visual Studio Solution File, Format Version 12.00
# Visual Studio Version 17
VisualStudioVersion = 17.3.32929.385
MinimumVisualStudioVersion = 10.0.40219.1
Project("{9A19103F-16F7-4668-BE54-9A1E7A4F7556}") = "AdventHelper", "AdventHelper\AdventHelper.csproj", "{F662B812-5F8D-4242-B9E5-163BB60D7E6C}"
EndProject
Project("{9A19103F-16F7-4668-BE54-9A1E7A4F7556}") = "Day1", "Day1\Day1.csproj", "{CFAC0E10-17C1-4E2C-918A-96549C9AEFBE}"
EndProject
Project("{9A19103F-16F7-4668-BE54-9A1E7A4F7556}") = "Day2", "Day2\Day2.csproj", "{0A1C2E6F-6987-454B-91B1-D5A1A99E8978}"
EndProject
Project("{9A19103F-16F7-4668-BE54-9A1E7A4F7556}") = "Day3", "Day3\Day3.csproj", "{C99FEB7D-66AD-46BA-9B14-610070B0D850}"
EndProject
Project("{FAE04EC0-301F-11D3-BF4B-00C04F79EFBC}") = "Day4", "Day4\Day4.csproj", "{5F89C65D-76F1-434C-9685-0B4936AE6735}"
EndProject
Global
	GlobalSection(SolutionConfigurationPlatforms) = preSolution
		Debug|Any CPU = Debug|Any CPU
		Release|Any CPU = Release|Any CPU
	EndGlobalSection
	GlobalSection(ProjectConfigurationPlatforms) = postSolution
		{F662B812-5F8D-4242-B9E5-163BB60D7E6C}.Debug|Any CPU.ActiveCfg = Debug|Any CPU
		{F662B812-5F8D-4242-B9E5-163BB60D7E6C}.Debug|Any CPU.Build.0 = Debug|Any CPU
		{F662B812-5F8D-4242-B9E5-163BB60D7E6C}.Release|Any CPU.ActiveCfg = Release|Any CPU
		{F662B812-5F8D-4242-B9E5-163BB60D7E6C}.Release|Any CPU.Build.0 = Release|Any CPU
		{CFAC0E10-17C1-4E2C-918A-96549C9AEFBE}.Debug|Any CPU.ActiveCfg = Debug|Any CPU
		{CFAC0E10-17C1-4E2C-918A-96549C9AEFBE}.Debug|Any CPU.Build.0 = Debug|Any CPU
		{CFAC0E10-17C1-4E2C-918A-96549C9AEFBE}.Release|Any CPU.ActiveCfg = Release|Any CPU
		{CFAC0E10-17C1-4E2C-918A-96549C9AEFBE}.Release|Any CPU.Build.0 = Release|Any CPU
		{0A1C2E6F-6987-454B-91B1-D5A1A99E8978}.Debug|Any CPU.ActiveCfg = Debug|Any CPU
		{0A1C2E6F-6987-454B-91B1-D5A1A99E8978}.Debug|Any CPU.Build.0 = Debug|Any CPU
		{0A1C2E6F-6987-454B-91B1-D5A1A99E8978}.Release|Any CPU.ActiveCfg = Release|Any CPU
		{0A1C2E6F-6987-454B-91B1-D5A1A99E8978}.Release|Any CPU.Build.0 = Release|Any CPU
		{C99FEB7D-66AD-46BA-9B14-610070B0D850}.Debug|Any CPU.ActiveCfg = Debug|Any CPU
		{C99FEB7D-66AD-46BA-9B14-610070B0D850}.Debug|Any CPU.Build.0 = Debug|Any CPU
		{C99FEB7D-66AD-46BA-9B14-610070B0D850}.Release|Any CPU.ActiveCfg = Release|Any CPU
		{C99FEB7D-66AD-46BA-9B14-610070B0D850}.Release|Any CPU.Build.0 = Release|Any CPU
		{5F89C65D-76F1-434C-9685-0B4936AE6735}.Debug|Any CPU.ActiveCfg = Debug|Any CPU
		{5F89C65D-76F1-434C-9685-0B4936AE6735}.Debug|Any CPU.Build.0 = Debug|Any CPU
		{5F89C65D-76F1-434C-9685-0B4936AE6735}.Release|Any CPU.ActiveCfg = Release|Any CPU
		{5F89C65D-76F1-434C-9685-0B4936AE6735}.Release|Any CPU.Build.0 = Release|Any CPU
	EndGlobalSection
	GlobalSection(SolutionProperties) = preSolution
		HideSolutionNode = FALSE
	EndGlobalSection
	GlobalSection(ExtensibilityGlobals) = postSolution
		SolutionGuid = {E802C1B3-2D31-49E7-B046-87456EFF304F}
	EndGlobalSection
EndGlobal
